// !$*UTF8*$!
{
	archiveVersion = 1;
	classes = {
	};
	objectVersion = 50;
	objects = {

/* Begin PBXBuildFile section */
		7137325D24164C7600436E31 /* AppDelegate.swift in Sources */ = {isa = PBXBuildFile; fileRef = 7137325C24164C7600436E31 /* AppDelegate.swift */; };
		7137325F24164C7600436E31 /* SceneDelegate.swift in Sources */ = {isa = PBXBuildFile; fileRef = 7137325E24164C7600436E31 /* SceneDelegate.swift */; };
		7137326424164C7600436E31 /* Main.storyboard in Resources */ = {isa = PBXBuildFile; fileRef = 7137326224164C7600436E31 /* Main.storyboard */; };
		7137326724164C7600436E31 /* Outlets_Actions.xcdatamodeld in Sources */ = {isa = PBXBuildFile; fileRef = 7137326524164C7600436E31 /* Outlets_Actions.xcdatamodeld */; };
		7137326924164C7700436E31 /* Assets.xcassets in Resources */ = {isa = PBXBuildFile; fileRef = 7137326824164C7700436E31 /* Assets.xcassets */; };
		7137326C24164C7700436E31 /* LaunchScreen.storyboard in Resources */ = {isa = PBXBuildFile; fileRef = 7137326A24164C7700436E31 /* LaunchScreen.storyboard */; };
		7137327724164C7800436E31 /* Outlets_ActionsTests.swift in Sources */ = {isa = PBXBuildFile; fileRef = 7137327624164C7800436E31 /* Outlets_ActionsTests.swift */; };
		7137328224164C7800436E31 /* Outlets_ActionsUITests.swift in Sources */ = {isa = PBXBuildFile; fileRef = 7137328124164C7800436E31 /* Outlets_ActionsUITests.swift */; };
		713732D12417A73A00436E31 /* FormViewController.swift in Sources */ = {isa = PBXBuildFile; fileRef = 713732D02417A73A00436E31 /* FormViewController.swift */; };
		713732D32417A7C400436E31 /* CalculatorViewController.swift in Sources */ = {isa = PBXBuildFile; fileRef = 713732D22417A7C400436E31 /* CalculatorViewController.swift */; };
/* End PBXBuildFile section */

/* Begin PBXContainerItemProxy section */
		7137327324164C7800436E31 /* PBXContainerItemProxy */ = {
			isa = PBXContainerItemProxy;
			containerPortal = 7137325124164C7600436E31 /* Project object */;
			proxyType = 1;
			remoteGlobalIDString = 7137325824164C7600436E31;
			remoteInfo = "Outlets+Actions";
		};
		7137327E24164C7800436E31 /* PBXContainerItemProxy */ = {
			isa = PBXContainerItemProxy;
			containerPortal = 7137325124164C7600436E31 /* Project object */;
			proxyType = 1;
			remoteGlobalIDString = 7137325824164C7600436E31;
			remoteInfo = "Outlets+Actions";
		};
/* End PBXContainerItemProxy section */

/* Begin PBXFileReference section */
		7137325924164C7600436E31 /* Outlets+Actions.app */ = {isa = PBXFileReference; explicitFileType = wrapper.application; includeInIndex = 0; path = "Outlets+Actions.app"; sourceTree = BUILT_PRODUCTS_DIR; };
		7137325C24164C7600436E31 /* AppDelegate.swift */ = {isa = PBXFileReference; lastKnownFileType = sourcecode.swift; path = AppDelegate.swift; sourceTree = "<group>"; };
		7137325E24164C7600436E31 /* SceneDelegate.swift */ = {isa = PBXFileReference; lastKnownFileType = sourcecode.swift; path = SceneDelegate.swift; sourceTree = "<group>"; };
		7137326324164C7600436E31 /* Base */ = {isa = PBXFileReference; lastKnownFileType = file.storyboard; name = Base; path = Base.lproj/Main.storyboard; sourceTree = "<group>"; };
		7137326624164C7600436E31 /* Outlets_Actions.xcdatamodel */ = {isa = PBXFileReference; lastKnownFileType = wrapper.xcdatamodel; path = Outlets_Actions.xcdatamodel; sourceTree = "<group>"; };
		7137326824164C7700436E31 /* Assets.xcassets */ = {isa = PBXFileReference; lastKnownFileType = folder.assetcatalog; path = Assets.xcassets; sourceTree = "<group>"; };
		7137326B24164C7700436E31 /* Base */ = {isa = PBXFileReference; lastKnownFileType = file.storyboard; name = Base; path = Base.lproj/LaunchScreen.storyboard; sourceTree = "<group>"; };
		7137326D24164C7700436E31 /* Info.plist */ = {isa = PBXFileReference; lastKnownFileType = text.plist.xml; path = Info.plist; sourceTree = "<group>"; };
		7137327224164C7800436E31 /* Outlets+ActionsTests.xctest */ = {isa = PBXFileReference; explicitFileType = wrapper.cfbundle; includeInIndex = 0; path = "Outlets+ActionsTests.xctest"; sourceTree = BUILT_PRODUCTS_DIR; };
		7137327624164C7800436E31 /* Outlets_ActionsTests.swift */ = {isa = PBXFileReference; lastKnownFileType = sourcecode.swift; path = Outlets_ActionsTests.swift; sourceTree = "<group>"; };
		7137327824164C7800436E31 /* Info.plist */ = {isa = PBXFileReference; lastKnownFileType = text.plist.xml; path = Info.plist; sourceTree = "<group>"; };
		7137327D24164C7800436E31 /* Outlets+ActionsUITests.xctest */ = {isa = PBXFileReference; explicitFileType = wrapper.cfbundle; includeInIndex = 0; path = "Outlets+ActionsUITests.xctest"; sourceTree = BUILT_PRODUCTS_DIR; };
		7137328124164C7800436E31 /* Outlets_ActionsUITests.swift */ = {isa = PBXFileReference; lastKnownFileType = sourcecode.swift; path = Outlets_ActionsUITests.swift; sourceTree = "<group>"; };
		7137328324164C7800436E31 /* Info.plist */ = {isa = PBXFileReference; lastKnownFileType = text.plist.xml; path = Info.plist; sourceTree = "<group>"; };
		713732D02417A73A00436E31 /* FormViewController.swift */ = {isa = PBXFileReference; lastKnownFileType = sourcecode.swift; path = FormViewController.swift; sourceTree = "<group>"; };
		713732D22417A7C400436E31 /* CalculatorViewController.swift */ = {isa = PBXFileReference; lastKnownFileType = sourcecode.swift; path = CalculatorViewController.swift; sourceTree = "<group>"; };
/* End PBXFileReference section */

/* Begin PBXFrameworksBuildPhase section */
		7137325624164C7600436E31 /* Frameworks */ = {
			isa = PBXFrameworksBuildPhase;
			buildActionMask = 2147483647;
			files = (
			);
			runOnlyForDeploymentPostprocessing = 0;
		};
		7137326F24164C7800436E31 /* Frameworks */ = {
			isa = PBXFrameworksBuildPhase;
			buildActionMask = 2147483647;
			files = (
			);
			runOnlyForDeploymentPostprocessing = 0;
		};
		7137327A24164C7800436E31 /* Frameworks */ = {
			isa = PBXFrameworksBuildPhase;
			buildActionMask = 2147483647;
			files = (
			);
			runOnlyForDeploymentPostprocessing = 0;
		};
/* End PBXFrameworksBuildPhase section */

/* Begin PBXGroup section */
		7137325024164C7600436E31 = {
			isa = PBXGroup;
			children = (
				7137325B24164C7600436E31 /* Outlets+Actions */,
				7137327524164C7800436E31 /* Outlets+ActionsTests */,
				7137328024164C7800436E31 /* Outlets+ActionsUITests */,
				7137325A24164C7600436E31 /* Products */,
			);
			sourceTree = "<group>";
		};
		7137325A24164C7600436E31 /* Products */ = {
			isa = PBXGroup;
			children = (
				7137325924164C7600436E31 /* Outlets+Actions.app */,
				7137327224164C7800436E31 /* Outlets+ActionsTests.xctest */,
				7137327D24164C7800436E31 /* Outlets+ActionsUITests.xctest */,
			);
			name = Products;
			sourceTree = "<group>";
		};
		7137325B24164C7600436E31 /* Outlets+Actions */ = {
			isa = PBXGroup;
			children = (
				7137325C24164C7600436E31 /* AppDelegate.swift */,
				7137325E24164C7600436E31 /* SceneDelegate.swift */,
				713732D02417A73A00436E31 /* FormViewController.swift */,
				713732D22417A7C400436E31 /* CalculatorViewController.swift */,
				7137326224164C7600436E31 /* Main.storyboard */,
				7137326824164C7700436E31 /* Assets.xcassets */,
				7137326A24164C7700436E31 /* LaunchScreen.storyboard */,
				7137326D24164C7700436E31 /* Info.plist */,
				7137326524164C7600436E31 /* Outlets_Actions.xcdatamodeld */,
			);
			path = "Outlets+Actions";
			sourceTree = "<group>";
		};
		7137327524164C7800436E31 /* Outlets+ActionsTests */ = {
			isa = PBXGroup;
			children = (
				7137327624164C7800436E31 /* Outlets_ActionsTests.swift */,
				7137327824164C7800436E31 /* Info.plist */,
			);
			path = "Outlets+ActionsTests";
			sourceTree = "<group>";
		};
		7137328024164C7800436E31 /* Outlets+ActionsUITests */ = {
			isa = PBXGroup;
			children = (
				7137328124164C7800436E31 /* Outlets_ActionsUITests.swift */,
				7137328324164C7800436E31 /* Info.plist */,
			);
			path = "Outlets+ActionsUITests";
			sourceTree = "<group>";
		};
/* End PBXGroup section */

/* Begin PBXNativeTarget section */
		7137325824164C7600436E31 /* Outlets+Actions */ = {
			isa = PBXNativeTarget;
			buildConfigurationList = 7137328624164C7800436E31 /* Build configuration list for PBXNativeTarget "Outlets+Actions" */;
			buildPhases = (
				7137325524164C7600436E31 /* Sources */,
				7137325624164C7600436E31 /* Frameworks */,
				7137325724164C7600436E31 /* Resources */,
			);
			buildRules = (
			);
			dependencies = (
			);
			name = "Outlets+Actions";
			productName = "Outlets+Actions";
			productReference = 7137325924164C7600436E31 /* Outlets+Actions.app */;
			productType = "com.apple.product-type.application";
		};
		7137327124164C7800436E31 /* Outlets+ActionsTests */ = {
			isa = PBXNativeTarget;
			buildConfigurationList = 7137328924164C7800436E31 /* Build configuration list for PBXNativeTarget "Outlets+ActionsTests" */;
			buildPhases = (
				7137326E24164C7800436E31 /* Sources */,
				7137326F24164C7800436E31 /* Frameworks */,
				7137327024164C7800436E31 /* Resources */,
			);
			buildRules = (
			);
			dependencies = (
				7137327424164C7800436E31 /* PBXTargetDependency */,
			);
			name = "Outlets+ActionsTests";
			productName = "Outlets+ActionsTests";
			productReference = 7137327224164C7800436E31 /* Outlets+ActionsTests.xctest */;
			productType = "com.apple.product-type.bundle.unit-test";
		};
		7137327C24164C7800436E31 /* Outlets+ActionsUITests */ = {
			isa = PBXNativeTarget;
			buildConfigurationList = 7137328C24164C7800436E31 /* Build configuration list for PBXNativeTarget "Outlets+ActionsUITests" */;
			buildPhases = (
				7137327924164C7800436E31 /* Sources */,
				7137327A24164C7800436E31 /* Frameworks */,
				7137327B24164C7800436E31 /* Resources */,
			);
			buildRules = (
			);
			dependencies = (
				7137327F24164C7800436E31 /* PBXTargetDependency */,
			);
			name = "Outlets+ActionsUITests";
			productName = "Outlets+ActionsUITests";
			productReference = 7137327D24164C7800436E31 /* Outlets+ActionsUITests.xctest */;
			productType = "com.apple.product-type.bundle.ui-testing";
		};
/* End PBXNativeTarget section */

/* Begin PBXProject section */
		7137325124164C7600436E31 /* Project object */ = {
			isa = PBXProject;
			attributes = {
				LastSwiftUpdateCheck = 1130;
				LastUpgradeCheck = 1130;
				ORGANIZATIONNAME = Alvonse;
				TargetAttributes = {
					7137325824164C7600436E31 = {
						CreatedOnToolsVersion = 11.3.1;
					};
					7137327124164C7800436E31 = {
						CreatedOnToolsVersion = 11.3.1;
						TestTargetID = 7137325824164C7600436E31;
					};
					7137327C24164C7800436E31 = {
						CreatedOnToolsVersion = 11.3.1;
						TestTargetID = 7137325824164C7600436E31;
					};
				};
			};
			buildConfigurationList = 7137325424164C7600436E31 /* Build configuration list for PBXProject "Outlets+Actions" */;
			compatibilityVersion = "Xcode 9.3";
			developmentRegion = en;
			hasScannedForEncodings = 0;
			knownRegions = (
				en,
				Base,
			);
			mainGroup = 7137325024164C7600436E31;
			productRefGroup = 7137325A24164C7600436E31 /* Products */;
			projectDirPath = "";
			projectRoot = "";
			targets = (
				7137325824164C7600436E31 /* Outlets+Actions */,
				7137327124164C7800436E31 /* Outlets+ActionsTests */,
				7137327C24164C7800436E31 /* Outlets+ActionsUITests */,
			);
		};
/* End PBXProject section */

/* Begin PBXResourcesBuildPhase section */
		7137325724164C7600436E31 /* Resources */ = {
			isa = PBXResourcesBuildPhase;
			buildActionMask = 2147483647;
			files = (
				7137326C24164C7700436E31 /* LaunchScreen.storyboard in Resources */,
				7137326924164C7700436E31 /* Assets.xcassets in Resources */,
				7137326424164C7600436E31 /* Main.storyboard in Resources */,
			);
			runOnlyForDeploymentPostprocessing = 0;
		};
		7137327024164C7800436E31 /* Resources */ = {
			isa = PBXResourcesBuildPhase;
			buildActionMask = 2147483647;
			files = (
			);
			runOnlyForDeploymentPostprocessing = 0;
		};
		7137327B24164C7800436E31 /* Resources */ = {
			isa = PBXResourcesBuildPhase;
			buildActionMask = 2147483647;
			files = (
			);
			runOnlyForDeploymentPostprocessing = 0;
		};
/* End PBXResourcesBuildPhase section */

/* Begin PBXSourcesBuildPhase section */
		7137325524164C7600436E31 /* Sources */ = {
			isa = PBXSourcesBuildPhase;
			buildActionMask = 2147483647;
			files = (
				713732D12417A73A00436E31 /* FormViewController.swift in Sources */,
				7137326724164C7600436E31 /* Outlets_Actions.xcdatamodeld in Sources */,
				7137325D24164C7600436E31 /* AppDelegate.swift in Sources */,
				713732D32417A7C400436E31 /* CalculatorViewController.swift in Sources */,
				7137325F24164C7600436E31 /* SceneDelegate.swift in Sources */,
			);
			runOnlyForDeploymentPostprocessing = 0;
		};
		7137326E24164C7800436E31 /* Sources */ = {
			isa = PBXSourcesBuildPhase;
			buildActionMask = 2147483647;
			files = (
				7137327724164C7800436E31 /* Outlets_ActionsTests.swift in Sources */,
			);
			runOnlyForDeploymentPostprocessing = 0;
		};
		7137327924164C7800436E31 /* Sources */ = {
			isa = PBXSourcesBuildPhase;
			buildActionMask = 2147483647;
			files = (
				7137328224164C7800436E31 /* Outlets_ActionsUITests.swift in Sources */,
			);
			runOnlyForDeploymentPostprocessing = 0;
		};
/* End PBXSourcesBuildPhase section */

/* Begin PBXTargetDependency section */
		7137327424164C7800436E31 /* PBXTargetDependency */ = {
			isa = PBXTargetDependency;
			target = 7137325824164C7600436E31 /* Outlets+Actions */;
			targetProxy = 7137327324164C7800436E31 /* PBXContainerItemProxy */;
		};
		7137327F24164C7800436E31 /* PBXTargetDependency */ = {
			isa = PBXTargetDependency;
			target = 7137325824164C7600436E31 /* Outlets+Actions */;
			targetProxy = 7137327E24164C7800436E31 /* PBXContainerItemProxy */;
		};
/* End PBXTargetDependency section */

/* Begin PBXVariantGroup section */
		7137326224164C7600436E31 /* Main.storyboard */ = {
			isa = PBXVariantGroup;
			children = (
				7137326324164C7600436E31 /* Base */,
			);
			name = Main.storyboard;
			sourceTree = "<group>";
		};
		7137326A24164C7700436E31 /* LaunchScreen.storyboard */ = {
			isa = PBXVariantGroup;
			children = (
				7137326B24164C7700436E31 /* Base */,
			);
			name = LaunchScreen.storyboard;
			sourceTree = "<group>";
		};
/* End PBXVariantGroup section */

/* Begin XCBuildConfiguration section */
		7137328424164C7800436E31 /* Debug */ = {
			isa = XCBuildConfiguration;
			buildSettings = {
				ALWAYS_SEARCH_USER_PATHS = NO;
				CLANG_ANALYZER_NONNULL = YES;
				CLANG_ANALYZER_NUMBER_OBJECT_CONVERSION = YES_AGGRESSIVE;
				CLANG_CXX_LANGUAGE_STANDARD = "gnu++14";
				CLANG_CXX_LIBRARY = "libc++";
				CLANG_ENABLE_MODULES = YES;
				CLANG_ENABLE_OBJC_ARC = YES;
				CLANG_ENABLE_OBJC_WEAK = YES;
				CLANG_WARN_BLOCK_CAPTURE_AUTORELEASING = YES;
				CLANG_WARN_BOOL_CONVERSION = YES;
				CLANG_WARN_COMMA = YES;
				CLANG_WARN_CONSTANT_CONVERSION = YES;
				CLANG_WARN_DEPRECATED_OBJC_IMPLEMENTATIONS = YES;
				CLANG_WARN_DIRECT_OBJC_ISA_USAGE = YES_ERROR;
				CLANG_WARN_DOCUMENTATION_COMMENTS = YES;
				CLANG_WARN_EMPTY_BODY = YES;
				CLANG_WARN_ENUM_CONVERSION = YES;
				CLANG_WARN_INFINITE_RECURSION = YES;
				CLANG_WARN_INT_CONVERSION = YES;
				CLANG_WARN_NON_LITERAL_NULL_CONVERSION = YES;
				CLANG_WARN_OBJC_IMPLICIT_RETAIN_SELF = YES;
				CLANG_WARN_OBJC_LITERAL_CONVERSION = YES;
				CLANG_WARN_OBJC_ROOT_CLASS = YES_ERROR;
				CLANG_WARN_RANGE_LOOP_ANALYSIS = YES;
				CLANG_WARN_STRICT_PROTOTYPES = YES;
				CLANG_WARN_SUSPICIOUS_MOVE = YES;
				CLANG_WARN_UNGUARDED_AVAILABILITY = YES_AGGRESSIVE;
				CLANG_WARN_UNREACHABLE_CODE = YES;
				CLANG_WARN__DUPLICATE_METHOD_MATCH = YES;
				COPY_PHASE_STRIP = NO;
				DEBUG_INFORMATION_FORMAT = dwarf;
				ENABLE_STRICT_OBJC_MSGSEND = YES;
				ENABLE_TESTABILITY = YES;
				GCC_C_LANGUAGE_STANDARD = gnu11;
				GCC_DYNAMIC_NO_PIC = NO;
				GCC_NO_COMMON_BLOCKS = YES;
				GCC_OPTIMIZATION_LEVEL = 0;
				GCC_PREPROCESSOR_DEFINITIONS = (
					"DEBUG=1",
					"$(inherited)",
				);
				GCC_WARN_64_TO_32_BIT_CONVERSION = YES;
				GCC_WARN_ABOUT_RETURN_TYPE = YES_ERROR;
				GCC_WARN_UNDECLARED_SELECTOR = YES;
				GCC_WARN_UNINITIALIZED_AUTOS = YES_AGGRESSIVE;
				GCC_WARN_UNUSED_FUNCTION = YES;
				GCC_WARN_UNUSED_VARIABLE = YES;
				IPHONEOS_DEPLOYMENT_TARGET = 13.2;
				MTL_ENABLE_DEBUG_INFO = INCLUDE_SOURCE;
				MTL_FAST_MATH = YES;
				ONLY_ACTIVE_ARCH = YES;
				SDKROOT = iphoneos;
				SWIFT_ACTIVE_COMPILATION_CONDITIONS = DEBUG;
				SWIFT_OPTIMIZATION_LEVEL = "-Onone";
			};
			name = Debug;
		};
		7137328524164C7800436E31 /* Release */ = {
			isa = XCBuildConfiguration;
			buildSettings = {
				ALWAYS_SEARCH_USER_PATHS = NO;
				CLANG_ANALYZER_NONNULL = YES;
				CLANG_ANALYZER_NUMBER_OBJECT_CONVERSION = YES_AGGRESSIVE;
				CLANG_CXX_LANGUAGE_STANDARD = "gnu++14";
				CLANG_CXX_LIBRARY = "libc++";
				CLANG_ENABLE_MODULES = YES;
				CLANG_ENABLE_OBJC_ARC = YES;
				CLANG_ENABLE_OBJC_WEAK = YES;
				CLANG_WARN_BLOCK_CAPTURE_AUTORELEASING = YES;
				CLANG_WARN_BOOL_CONVERSION = YES;
				CLANG_WARN_COMMA = YES;
				CLANG_WARN_CONSTANT_CONVERSION = YES;
				CLANG_WARN_DEPRECATED_OBJC_IMPLEMENTATIONS = YES;
				CLANG_WARN_DIRECT_OBJC_ISA_USAGE = YES_ERROR;
				CLANG_WARN_DOCUMENTATION_COMMENTS = YES;
				CLANG_WARN_EMPTY_BODY = YES;
				CLANG_WARN_ENUM_CONVERSION = YES;
				CLANG_WARN_INFINITE_RECURSION = YES;
				CLANG_WARN_INT_CONVERSION = YES;
				CLANG_WARN_NON_LITERAL_NULL_CONVERSION = YES;
				CLANG_WARN_OBJC_IMPLICIT_RETAIN_SELF = YES;
				CLANG_WARN_OBJC_LITERAL_CONVERSION = YES;
				CLANG_WARN_OBJC_ROOT_CLASS = YES_ERROR;
				CLANG_WARN_RANGE_LOOP_ANALYSIS = YES;
				CLANG_WARN_STRICT_PROTOTYPES = YES;
				CLANG_WARN_SUSPICIOUS_MOVE = YES;
				CLANG_WARN_UNGUARDED_AVAILABILITY = YES_AGGRESSIVE;
				CLANG_WARN_UNREACHABLE_CODE = YES;
				CLANG_WARN__DUPLICATE_METHOD_MATCH = YES;
				COPY_PHASE_STRIP = NO;
				DEBUG_INFORMATION_FORMAT = "dwarf-with-dsym";
				ENABLE_NS_ASSERTIONS = NO;
				ENABLE_STRICT_OBJC_MSGSEND = YES;
				GCC_C_LANGUAGE_STANDARD = gnu11;
				GCC_NO_COMMON_BLOCKS = YES;
				GCC_WARN_64_TO_32_BIT_CONVERSION = YES;
				GCC_WARN_ABOUT_RETURN_TYPE = YES_ERROR;
				GCC_WARN_UNDECLARED_SELECTOR = YES;
				GCC_WARN_UNINITIALIZED_AUTOS = YES_AGGRESSIVE;
				GCC_WARN_UNUSED_FUNCTION = YES;
				GCC_WARN_UNUSED_VARIABLE = YES;
				IPHONEOS_DEPLOYMENT_TARGET = 13.2;
				MTL_ENABLE_DEBUG_INFO = NO;
				MTL_FAST_MATH = YES;
				SDKROOT = iphoneos;
				SWIFT_COMPILATION_MODE = wholemodule;
				SWIFT_OPTIMIZATION_LEVEL = "-O";
				VALIDATE_PRODUCT = YES;
			};
			name = Release;
		};
		7137328724164C7800436E31 /* Debug */ = {
			isa = XCBuildConfiguration;
			buildSettings = {
				ASSETCATALOG_COMPILER_APPICON_NAME = AppIcon;
				CODE_SIGN_STYLE = Automatic;
				DEVELOPMENT_TEAM = S5S64G2ECX;
				INFOPLIST_FILE = "Outlets+Actions/Info.plist";
				LD_RUNPATH_SEARCH_PATHS = (
					"$(inherited)",
					"@executable_path/Frameworks",
				);
				PRODUCT_BUNDLE_IDENTIFIER = "com.alvonse.Outlets-Actions";
				PRODUCT_NAME = "$(TARGET_NAME)";
				SWIFT_VERSION = 5.0;
				TARGETED_DEVICE_FAMILY = "1,2";
			};
			name = Debug;
		};
		7137328824164C7800436E31 /* Release */ = {
			isa = XCBuildConfiguration;
			buildSettings = {
				ASSETCATALOG_COMPILER_APPICON_NAME = AppIcon;
				CODE_SIGN_STYLE = Automatic;
				DEVELOPMENT_TEAM = S5S64G2ECX;
				INFOPLIST_FILE = "Outlets+Actions/Info.plist";
				LD_RUNPATH_SEARCH_PATHS = (
					"$(inherited)",
					"@executable_path/Frameworks",
				);
				PRODUCT_BUNDLE_IDENTIFIER = "com.alvonse.Outlets-Actions";
				PRODUCT_NAME = "$(TARGET_NAME)";
				SWIFT_VERSION = 5.0;
				TARGETED_DEVICE_FAMILY = "1,2";
			};
			name = Release;
		};
		7137328A24164C7800436E31 /* Debug */ = {
			isa = XCBuildConfiguration;
			buildSettings = {
				ALWAYS_EMBED_SWIFT_STANDARD_LIBRARIES = YES;
				BUNDLE_LOADER = "$(TEST_HOST)";
				CODE_SIGN_STYLE = Automatic;
				DEVELOPMENT_TEAM = S5S64G2ECX;
				INFOPLIST_FILE = "Outlets+ActionsTests/Info.plist";
				IPHONEOS_DEPLOYMENT_TARGET = 13.2;
				LD_RUNPATH_SEARCH_PATHS = (
					"$(inherited)",
					"@executable_path/Frameworks",
					"@loader_path/Frameworks",
				);
				PRODUCT_BUNDLE_IDENTIFIER = "com.alvonse.Outlets-ActionsTests";
				PRODUCT_NAME = "$(TARGET_NAME)";
				SWIFT_VERSION = 5.0;
				TARGETED_DEVICE_FAMILY = "1,2";
				TEST_HOST = "$(BUILT_PRODUCTS_DIR)/Outlets+Actions.app/Outlets+Actions";
			};
			name = Debug;
		};
		7137328B24164C7800436E31 /* Release */ = {
			isa = XCBuildConfiguration;
			buildSettings = {
				ALWAYS_EMBED_SWIFT_STANDARD_LIBRARIES = YES;
				BUNDLE_LOADER = "$(TEST_HOST)";
				CODE_SIGN_STYLE = Automatic;
				DEVELOPMENT_TEAM = S5S64G2ECX;
				INFOPLIST_FILE = "Outlets+ActionsTests/Info.plist";
				IPHONEOS_DEPLOYMENT_TARGET = 13.2;
				LD_RUNPATH_SEARCH_PATHS = (
					"$(inherited)",
					"@executable_path/Frameworks",
					"@loader_path/Frameworks",
				);
				PRODUCT_BUNDLE_IDENTIFIER = "com.alvonse.Outlets-ActionsTests";
				PRODUCT_NAME = "$(TARGET_NAME)";
				SWIFT_VERSION = 5.0;
				TARGETED_DEVICE_FAMILY = "1,2";
				TEST_HOST = "$(BUILT_PRODUCTS_DIR)/Outlets+Actions.app/Outlets+Actions";
			};
			name = Release;
		};
		7137328D24164C7800436E31 /* Debug */ = {
			isa = XCBuildConfiguration;
			buildSettings = {
				ALWAYS_EMBED_SWIFT_STANDARD_LIBRARIES = YES;
				CODE_SIGN_STYLE = Automatic;
				DEVELOPMENT_TEAM = S5S64G2ECX;
				INFOPLIST_FILE = "Outlets+ActionsUITests/Info.plist";
				LD_RUNPATH_SEARCH_PATHS = (
					"$(inherited)",
					"@executable_path/Frameworks",
					"@loader_path/Frameworks",
				);
				PRODUCT_BUNDLE_IDENTIFIER = "com.alvonse.Outlets-ActionsUITests";
				PRODUCT_NAME = "$(TARGET_NAME)";
				SWIFT_VERSION = 5.0;
				TARGETED_DEVICE_FAMILY = "1,2";
				TEST_TARGET_NAME = "Outlets+Actions";
			};
			name = Debug;
		};
		7137328E24164C7800436E31 /* Release */ = {
			isa = XCBuildConfiguration;
			buildSettings = {
				ALWAYS_EMBED_SWIFT_STANDARD_LIBRARIES = YES;
				CODE_SIGN_STYLE = Automatic;
				DEVELOPMENT_TEAM = S5S64G2ECX;
				INFOPLIST_FILE = "Outlets+ActionsUITests/Info.plist";
				LD_RUNPATH_SEARCH_PATHS = (
					"$(inherited)",
					"@executable_path/Frameworks",
					"@loader_path/Frameworks",
				);
				PRODUCT_BUNDLE_IDENTIFIER = "com.alvonse.Outlets-ActionsUITests";
				PRODUCT_NAME = "$(TARGET_NAME)";
				SWIFT_VERSION = 5.0;
				TARGETED_DEVICE_FAMILY = "1,2";
				TEST_TARGET_NAME = "Outlets+Actions";
			};
			name = Release;
		};
/* End XCBuildConfiguration section */

/* Begin XCConfigurationList section */
		7137325424164C7600436E31 /* Build configuration list for PBXProject "Outlets+Actions" */ = {
			isa = XCConfigurationList;
			buildConfigurations = (
				7137328424164C7800436E31 /* Debug */,
				7137328524164C7800436E31 /* Release */,
			);
			defaultConfigurationIsVisible = 0;
			defaultConfigurationName = Release;
		};
		7137328624164C7800436E31 /* Build configuration list for PBXNativeTarget "Outlets+Actions" */ = {
			isa = XCConfigurationList;
			buildConfigurations = (
				7137328724164C7800436E31 /* Debug */,
				7137328824164C7800436E31 /* Release */,
			);
			defaultConfigurationIsVisible = 0;
			defaultConfigurationName = Release;
		};
		7137328924164C7800436E31 /* Build configuration list for PBXNativeTarget "Outlets+ActionsTests" */ = {
			isa = XCConfigurationList;
			buildConfigurations = (
				7137328A24164C7800436E31 /* Debug */,
				7137328B24164C7800436E31 /* Release */,
			);
			defaultConfigurationIsVisible = 0;
			defaultConfigurationName = Release;
		};
		7137328C24164C7800436E31 /* Build configuration list for PBXNativeTarget "Outlets+ActionsUITests" */ = {
			isa = XCConfigurationList;
			buildConfigurations = (
				7137328D24164C7800436E31 /* Debug */,
				7137328E24164C7800436E31 /* Release */,
			);
			defaultConfigurationIsVisible = 0;
			defaultConfigurationName = Release;
		};
/* End XCConfigurationList section */

/* Begin XCVersionGroup section */
		7137326524164C7600436E31 /* Outlets_Actions.xcdatamodeld */ = {
			isa = XCVersionGroup;
			children = (
				7137326624164C7600436E31 /* Outlets_Actions.xcdatamodel */,
			);
			currentVersion = 7137326624164C7600436E31 /* Outlets_Actions.xcdatamodel */;
			path = Outlets_Actions.xcdatamodeld;
			sourceTree = "<group>";
			versionGroupType = wrapper.xcdatamodel;
		};
/* End XCVersionGroup section */
	};
	rootObject = 7137325124164C7600436E31 /* Project object */;
}
